// !$*UTF8*$!
{
	archiveVersion = 1;
	classes = {
	};
	objectVersion = 56;
	objects = {

/* Begin PBXBuildFile section */
		BA375D4D2B186E2F00A84675 /* AppDelegate.swift in Sources */ = {isa = PBXBuildFile; fileRef = BA375D4C2B186E2F00A84675 /* AppDelegate.swift */; };
		BA375D512B186E2F00A84675 /* LoginViewController.swift in Sources */ = {isa = PBXBuildFile; fileRef = BA375D502B186E2F00A84675 /* LoginViewController.swift */; };
		BA375D562B186E3100A84675 /* Assets.xcassets in Resources */ = {isa = PBXBuildFile; fileRef = BA375D552B186E3100A84675 /* Assets.xcassets */; };
		BA375D592B186E3100A84675 /* LaunchScreen.storyboard in Resources */ = {isa = PBXBuildFile; fileRef = BA375D572B186E3100A84675 /* LaunchScreen.storyboard */; };
		BA375D622B187B4100A84675 /* SnapKit in Frameworks */ = {isa = PBXBuildFile; productRef = BA375D612B187B4100A84675 /* SnapKit */; };
		BA375D642B187B4100A84675 /* SnapKit-Dynamic in Frameworks */ = {isa = PBXBuildFile; productRef = BA375D632B187B4100A84675 /* SnapKit-Dynamic */; };
		BA375D712B18A6E900A84675 /* RegViewController.swift in Sources */ = {isa = PBXBuildFile; fileRef = BA375D702B18A6E900A84675 /* RegViewController.swift */; };
		BA375D752B18A85B00A84675 /* ConfirmViewController.swift in Sources */ = {isa = PBXBuildFile; fileRef = BA375D742B18A85B00A84675 /* ConfirmViewController.swift */; };
		BA375D792B18A8A100A84675 /* WelcomeViewController.swift in Sources */ = {isa = PBXBuildFile; fileRef = BA375D782B18A8A100A84675 /* WelcomeViewController.swift */; };
/* End PBXBuildFile section */

/* Begin PBXFileReference section */
		BA375D492B186E2F00A84675 /* Neobis_iOS_Auth.app */ = {isa = PBXFileReference; explicitFileType = wrapper.application; includeInIndex = 0; path = Neobis_iOS_Auth.app; sourceTree = BUILT_PRODUCTS_DIR; };
		BA375D4C2B186E2F00A84675 /* AppDelegate.swift */ = {isa = PBXFileReference; lastKnownFileType = sourcecode.swift; path = AppDelegate.swift; sourceTree = "<group>"; };
		BA375D502B186E2F00A84675 /* LoginViewController.swift */ = {isa = PBXFileReference; lastKnownFileType = sourcecode.swift; path = LoginViewController.swift; sourceTree = "<group>"; };
		BA375D552B186E3100A84675 /* Assets.xcassets */ = {isa = PBXFileReference; lastKnownFileType = folder.assetcatalog; path = Assets.xcassets; sourceTree = "<group>"; };
		BA375D582B186E3100A84675 /* Base */ = {isa = PBXFileReference; lastKnownFileType = file.storyboard; name = Base; path = Base.lproj/LaunchScreen.storyboard; sourceTree = "<group>"; };
		BA375D5A2B186E3100A84675 /* Info.plist */ = {isa = PBXFileReference; lastKnownFileType = text.plist.xml; path = Info.plist; sourceTree = "<group>"; };
		BA375D702B18A6E900A84675 /* RegViewController.swift */ = {isa = PBXFileReference; lastKnownFileType = sourcecode.swift; path = RegViewController.swift; sourceTree = "<group>"; };
		BA375D742B18A85B00A84675 /* ConfirmViewController.swift */ = {isa = PBXFileReference; lastKnownFileType = sourcecode.swift; path = ConfirmViewController.swift; sourceTree = "<group>"; };
		BA375D782B18A8A100A84675 /* WelcomeViewController.swift */ = {isa = PBXFileReference; lastKnownFileType = sourcecode.swift; path = WelcomeViewController.swift; sourceTree = "<group>"; };
/* End PBXFileReference section */

/* Begin PBXFrameworksBuildPhase section */
		BA375D462B186E2F00A84675 /* Frameworks */ = {
			isa = PBXFrameworksBuildPhase;
			buildActionMask = 2147483647;
			files = (
				BA375D622B187B4100A84675 /* SnapKit in Frameworks */,
				BA375D642B187B4100A84675 /* SnapKit-Dynamic in Frameworks */,
			);
			runOnlyForDeploymentPostprocessing = 0;
		};
/* End PBXFrameworksBuildPhase section */

/* Begin PBXGroup section */
		BA375D402B186E2F00A84675 = {
			isa = PBXGroup;
			children = (
				BA375D4B2B186E2F00A84675 /* Neobis_iOS_Auth */,
				BA375D4A2B186E2F00A84675 /* Products */,
			);
			sourceTree = "<group>";
		};
		BA375D4A2B186E2F00A84675 /* Products */ = {
			isa = PBXGroup;
			children = (
				BA375D492B186E2F00A84675 /* Neobis_iOS_Auth.app */,
			);
			name = Products;
			sourceTree = "<group>";
		};
		BA375D4B2B186E2F00A84675 /* Neobis_iOS_Auth */ = {
			isa = PBXGroup;
			children = (
				BA375D4C2B186E2F00A84675 /* AppDelegate.swift */,
				BA375D7D2B18A8DC00A84675 /* ViewModel */,
				BA375D7C2B18A8D200A84675 /* Models */,
				BA375D6A2B18A51600A84675 /* Login */,
				BA375D6B2B18A51E00A84675 /* Registration */,
				BA375D6C2B18A59F00A84675 /* Confirmation */,
				BA375D6D2B18A66100A84675 /* Welcome */,
				BA375D692B18A34E00A84675 /* Resources */,
				BA375D552B186E3100A84675 /* Assets.xcassets */,
				BA375D572B186E3100A84675 /* LaunchScreen.storyboard */,
				BA375D5A2B186E3100A84675 /* Info.plist */,
			);
			path = Neobis_iOS_Auth;
			sourceTree = "<group>";
		};
		BA375D692B18A34E00A84675 /* Resources */ = {
			isa = PBXGroup;
			children = (
			);
			path = Resources;
			sourceTree = "<group>";
		};
		BA375D6A2B18A51600A84675 /* Login */ = {
			isa = PBXGroup;
			children = (
				BA375D502B186E2F00A84675 /* LoginViewController.swift */,
			);
			path = Login;
			sourceTree = "<group>";
		};
		BA375D6B2B18A51E00A84675 /* Registration */ = {
			isa = PBXGroup;
			children = (
				BA375D702B18A6E900A84675 /* RegViewController.swift */,
			);
			path = Registration;
			sourceTree = "<group>";
		};
		BA375D6C2B18A59F00A84675 /* Confirmation */ = {
			isa = PBXGroup;
			children = (
				BA375D742B18A85B00A84675 /* ConfirmViewController.swift */,
			);
			path = Confirmation;
			sourceTree = "<group>";
		};
		BA375D6D2B18A66100A84675 /* Welcome */ = {
			isa = PBXGroup;
			children = (
				BA375D782B18A8A100A84675 /* WelcomeViewController.swift */,
			);
			path = Welcome;
			sourceTree = "<group>";
		};
		BA375D7C2B18A8D200A84675 /* Models */ = {
			isa = PBXGroup;
			children = (
			);
			path = Models;
			sourceTree = "<group>";
		};
		BA375D7D2B18A8DC00A84675 /* ViewModel */ = {
			isa = PBXGroup;
			children = (
			);
			path = ViewModel;
			sourceTree = "<group>";
		};
/* End PBXGroup section */

/* Begin PBXNativeTarget section */
		BA375D482B186E2F00A84675 /* Neobis_iOS_Auth */ = {
			isa = PBXNativeTarget;
			buildConfigurationList = BA375D5D2B186E3100A84675 /* Build configuration list for PBXNativeTarget "Neobis_iOS_Auth" */;
			buildPhases = (
				BA375D452B186E2F00A84675 /* Sources */,
				BA375D462B186E2F00A84675 /* Frameworks */,
				BA375D472B186E2F00A84675 /* Resources */,
			);
			buildRules = (
			);
			dependencies = (
			);
			name = Neobis_iOS_Auth;
			packageProductDependencies = (
				BA375D612B187B4100A84675 /* SnapKit */,
				BA375D632B187B4100A84675 /* SnapKit-Dynamic */,
			);
			productName = Neobis_iOS_Auth;
			productReference = BA375D492B186E2F00A84675 /* Neobis_iOS_Auth.app */;
			productType = "com.apple.product-type.application";
		};
/* End PBXNativeTarget section */

/* Begin PBXProject section */
		BA375D412B186E2F00A84675 /* Project object */ = {
			isa = PBXProject;
			attributes = {
				BuildIndependentTargetsInParallel = 1;
				LastSwiftUpdateCheck = 1500;
				LastUpgradeCheck = 1500;
				TargetAttributes = {
					BA375D482B186E2F00A84675 = {
						CreatedOnToolsVersion = 15.0.1;
					};
				};
			};
			buildConfigurationList = BA375D442B186E2F00A84675 /* Build configuration list for PBXProject "Neobis_iOS_Auth" */;
			compatibilityVersion = "Xcode 14.0";
			developmentRegion = en;
			hasScannedForEncodings = 0;
			knownRegions = (
				en,
				Base,
			);
			mainGroup = BA375D402B186E2F00A84675;
			packageReferences = (
				BA375D602B187B4100A84675 /* XCRemoteSwiftPackageReference "SnapKit" */,
			);
			productRefGroup = BA375D4A2B186E2F00A84675 /* Products */;
			projectDirPath = "";
			projectRoot = "";
			targets = (
				BA375D482B186E2F00A84675 /* Neobis_iOS_Auth */,
			);
		};
/* End PBXProject section */

/* Begin PBXResourcesBuildPhase section */
		BA375D472B186E2F00A84675 /* Resources */ = {
			isa = PBXResourcesBuildPhase;
			buildActionMask = 2147483647;
			files = (
				BA375D592B186E3100A84675 /* LaunchScreen.storyboard in Resources */,
				BA375D562B186E3100A84675 /* Assets.xcassets in Resources */,
			);
			runOnlyForDeploymentPostprocessing = 0;
		};
/* End PBXResourcesBuildPhase section */

/* Begin PBXSourcesBuildPhase section */
		BA375D452B186E2F00A84675 /* Sources */ = {
			isa = PBXSourcesBuildPhase;
			buildActionMask = 2147483647;
			files = (
				BA375D512B186E2F00A84675 /* LoginViewController.swift in Sources */,
				BA375D792B18A8A100A84675 /* WelcomeViewController.swift in Sources */,
				BA375D4D2B186E2F00A84675 /* AppDelegate.swift in Sources */,
				BA375D752B18A85B00A84675 /* ConfirmViewController.swift in Sources */,
				BA375D712B18A6E900A84675 /* RegViewController.swift in Sources */,
			);
			runOnlyForDeploymentPostprocessing = 0;
		};
/* End PBXSourcesBuildPhase section */

/* Begin PBXVariantGroup section */
		BA375D572B186E3100A84675 /* LaunchScreen.storyboard */ = {
			isa = PBXVariantGroup;
			children = (
				BA375D582B186E3100A84675 /* Base */,
			);
			name = LaunchScreen.storyboard;
			sourceTree = "<group>";
		};
/* End PBXVariantGroup section */

/* Begin XCBuildConfiguration section */
		BA375D5B2B186E3100A84675 /* Debug */ = {
			isa = XCBuildConfiguration;
			buildSettings = {
				ALWAYS_SEARCH_USER_PATHS = NO;
				ASSETCATALOG_COMPILER_GENERATE_SWIFT_ASSET_SYMBOL_EXTENSIONS = YES;
				CLANG_ANALYZER_NONNULL = YES;
				CLANG_ANALYZER_NUMBER_OBJECT_CONVERSION = YES_AGGRESSIVE;
				CLANG_CXX_LANGUAGE_STANDARD = "gnu++20";
				CLANG_ENABLE_MODULES = YES;
				CLANG_ENABLE_OBJC_ARC = YES;
				CLANG_ENABLE_OBJC_WEAK = YES;
				CLANG_WARN_BLOCK_CAPTURE_AUTORELEASING = YES;
				CLANG_WARN_BOOL_CONVERSION = YES;
				CLANG_WARN_COMMA = YES;
				CLANG_WARN_CONSTANT_CONVERSION = YES;
				CLANG_WARN_DEPRECATED_OBJC_IMPLEMENTATIONS = YES;
				CLANG_WARN_DIRECT_OBJC_ISA_USAGE = YES_ERROR;
				CLANG_WARN_DOCUMENTATION_COMMENTS = YES;
				CLANG_WARN_EMPTY_BODY = YES;
				CLANG_WARN_ENUM_CONVERSION = YES;
				CLANG_WARN_INFINITE_RECURSION = YES;
				CLANG_WARN_INT_CONVERSION = YES;
				CLANG_WARN_NON_LITERAL_NULL_CONVERSION = YES;
				CLANG_WARN_OBJC_IMPLICIT_RETAIN_SELF = YES;
				CLANG_WARN_OBJC_LITERAL_CONVERSION = YES;
				CLANG_WARN_OBJC_ROOT_CLASS = YES_ERROR;
				CLANG_WARN_QUOTED_INCLUDE_IN_FRAMEWORK_HEADER = YES;
				CLANG_WARN_RANGE_LOOP_ANALYSIS = YES;
				CLANG_WARN_STRICT_PROTOTYPES = YES;
				CLANG_WARN_SUSPICIOUS_MOVE = YES;
				CLANG_WARN_UNGUARDED_AVAILABILITY = YES_AGGRESSIVE;
				CLANG_WARN_UNREACHABLE_CODE = YES;
				CLANG_WARN__DUPLICATE_METHOD_MATCH = YES;
				COPY_PHASE_STRIP = NO;
				DEBUG_INFORMATION_FORMAT = dwarf;
				ENABLE_STRICT_OBJC_MSGSEND = YES;
				ENABLE_TESTABILITY = YES;
				ENABLE_USER_SCRIPT_SANDBOXING = YES;
				GCC_C_LANGUAGE_STANDARD = gnu17;
				GCC_DYNAMIC_NO_PIC = NO;
				GCC_NO_COMMON_BLOCKS = YES;
				GCC_OPTIMIZATION_LEVEL = 0;
				GCC_PREPROCESSOR_DEFINITIONS = (
					"DEBUG=1",
					"$(inherited)",
				);
				GCC_WARN_64_TO_32_BIT_CONVERSION = YES;
				GCC_WARN_ABOUT_RETURN_TYPE = YES_ERROR;
				GCC_WARN_UNDECLARED_SELECTOR = YES;
				GCC_WARN_UNINITIALIZED_AUTOS = YES_AGGRESSIVE;
				GCC_WARN_UNUSED_FUNCTION = YES;
				GCC_WARN_UNUSED_VARIABLE = YES;
				IPHONEOS_DEPLOYMENT_TARGET = 17.0;
				LOCALIZATION_PREFERS_STRING_CATALOGS = YES;
				MTL_ENABLE_DEBUG_INFO = INCLUDE_SOURCE;
				MTL_FAST_MATH = YES;
				ONLY_ACTIVE_ARCH = YES;
				SDKROOT = iphoneos;
				SWIFT_ACTIVE_COMPILATION_CONDITIONS = "DEBUG $(inherited)";
				SWIFT_OPTIMIZATION_LEVEL = "-Onone";
			};
			name = Debug;
		};
		BA375D5C2B186E3100A84675 /* Release */ = {
			isa = XCBuildConfiguration;
			buildSettings = {
				ALWAYS_SEARCH_USER_PATHS = NO;
				ASSETCATALOG_COMPILER_GENERATE_SWIFT_ASSET_SYMBOL_EXTENSIONS = YES;
				CLANG_ANALYZER_NONNULL = YES;
				CLANG_ANALYZER_NUMBER_OBJECT_CONVERSION = YES_AGGRESSIVE;
				CLANG_CXX_LANGUAGE_STANDARD = "gnu++20";
				CLANG_ENABLE_MODULES = YES;
				CLANG_ENABLE_OBJC_ARC = YES;
				CLANG_ENABLE_OBJC_WEAK = YES;
				CLANG_WARN_BLOCK_CAPTURE_AUTORELEASING = YES;
				CLANG_WARN_BOOL_CONVERSION = YES;
				CLANG_WARN_COMMA = YES;
				CLANG_WARN_CONSTANT_CONVERSION = YES;
				CLANG_WARN_DEPRECATED_OBJC_IMPLEMENTATIONS = YES;
				CLANG_WARN_DIRECT_OBJC_ISA_USAGE = YES_ERROR;
				CLANG_WARN_DOCUMENTATION_COMMENTS = YES;
				CLANG_WARN_EMPTY_BODY = YES;
				CLANG_WARN_ENUM_CONVERSION = YES;
				CLANG_WARN_INFINITE_RECURSION = YES;
				CLANG_WARN_INT_CONVERSION = YES;
				CLANG_WARN_NON_LITERAL_NULL_CONVERSION = YES;
				CLANG_WARN_OBJC_IMPLICIT_RETAIN_SELF = YES;
				CLANG_WARN_OBJC_LITERAL_CONVERSION = YES;
				CLANG_WARN_OBJC_ROOT_CLASS = YES_ERROR;
				CLANG_WARN_QUOTED_INCLUDE_IN_FRAMEWORK_HEADER = YES;
				CLANG_WARN_RANGE_LOOP_ANALYSIS = YES;
				CLANG_WARN_STRICT_PROTOTYPES = YES;
				CLANG_WARN_SUSPICIOUS_MOVE = YES;
				CLANG_WARN_UNGUARDED_AVAILABILITY = YES_AGGRESSIVE;
				CLANG_WARN_UNREACHABLE_CODE = YES;
				CLANG_WARN__DUPLICATE_METHOD_MATCH = YES;
				COPY_PHASE_STRIP = NO;
				DEBUG_INFORMATION_FORMAT = "dwarf-with-dsym";
				ENABLE_NS_ASSERTIONS = NO;
				ENABLE_STRICT_OBJC_MSGSEND = YES;
				ENABLE_USER_SCRIPT_SANDBOXING = YES;
				GCC_C_LANGUAGE_STANDARD = gnu17;
				GCC_NO_COMMON_BLOCKS = YES;
				GCC_WARN_64_TO_32_BIT_CONVERSION = YES;
				GCC_WARN_ABOUT_RETURN_TYPE = YES_ERROR;
				GCC_WARN_UNDECLARED_SELECTOR = YES;
				GCC_WARN_UNINITIALIZED_AUTOS = YES_AGGRESSIVE;
				GCC_WARN_UNUSED_FUNCTION = YES;
				GCC_WARN_UNUSED_VARIABLE = YES;
				IPHONEOS_DEPLOYMENT_TARGET = 17.0;
				LOCALIZATION_PREFERS_STRING_CATALOGS = YES;
				MTL_ENABLE_DEBUG_INFO = NO;
				MTL_FAST_MATH = YES;
				SDKROOT = iphoneos;
				SWIFT_COMPILATION_MODE = wholemodule;
				VALIDATE_PRODUCT = YES;
			};
			name = Release;
		};
		BA375D5E2B186E3100A84675 /* Debug */ = {
			isa = XCBuildConfiguration;
			buildSettings = {
				ASSETCATALOG_COMPILER_APPICON_NAME = AppIcon;
				ASSETCATALOG_COMPILER_GLOBAL_ACCENT_COLOR_NAME = AccentColor;
				CODE_SIGN_STYLE = Automatic;
				CURRENT_PROJECT_VERSION = 1;
				DEVELOPMENT_TEAM = L3L56Q665Z;
				GENERATE_INFOPLIST_FILE = YES;
				INFOPLIST_FILE = Neobis_iOS_Auth/Info.plist;
				INFOPLIST_KEY_UIApplicationSupportsIndirectInputEvents = YES;
				INFOPLIST_KEY_UILaunchStoryboardName = LaunchScreen.storyboard;
				INFOPLIST_KEY_UISupportedInterfaceOrientations_iPad = "UIInterfaceOrientationPortrait UIInterfaceOrientationPortraitUpsideDown UIInterfaceOrientationLandscapeLeft UIInterfaceOrientationLandscapeRight";
				INFOPLIST_KEY_UISupportedInterfaceOrientations_iPhone = "UIInterfaceOrientationPortrait UIInterfaceOrientationLandscapeLeft UIInterfaceOrientationLandscapeRight";
				LD_RUNPATH_SEARCH_PATHS = (
					"$(inherited)",
					"@executable_path/Frameworks",
				);
				MARKETING_VERSION = 1.0;
				PRODUCT_BUNDLE_IDENTIFIER = "com.ipaktulane.Neobis-iOS-Auth";
				PRODUCT_NAME = "$(TARGET_NAME)";
				SUPPORTED_PLATFORMS = "iphoneos iphonesimulator";
				SUPPORTS_MACCATALYST = NO;
				SUPPORTS_MAC_DESIGNED_FOR_IPHONE_IPAD = NO;
				SWIFT_EMIT_LOC_STRINGS = YES;
				SWIFT_VERSION = 5.0;
				TARGETED_DEVICE_FAMILY = 1;
			};
			name = Debug;
		};
		BA375D5F2B186E3100A84675 /* Release */ = {
			isa = XCBuildConfiguration;
			buildSettings = {
				ASSETCATALOG_COMPILER_APPICON_NAME = AppIcon;
				ASSETCATALOG_COMPILER_GLOBAL_ACCENT_COLOR_NAME = AccentColor;
				CODE_SIGN_STYLE = Automatic;
				CURRENT_PROJECT_VERSION = 1;
				DEVELOPMENT_TEAM = L3L56Q665Z;
				GENERATE_INFOPLIST_FILE = YES;
				INFOPLIST_FILE = Neobis_iOS_Auth/Info.plist;
				INFOPLIST_KEY_UIApplicationSupportsIndirectInputEvents = YES;
				INFOPLIST_KEY_UILaunchStoryboardName = LaunchScreen.storyboard;
				INFOPLIST_KEY_UISupportedInterfaceOrientations_iPad = "UIInterfaceOrientationPortrait UIInterfaceOrientationPortraitUpsideDown UIInterfaceOrientationLandscapeLeft UIInterfaceOrientationLandscapeRight";
				INFOPLIST_KEY_UISupportedInterfaceOrientations_iPhone = "UIInterfaceOrientationPortrait UIInterfaceOrientationLandscapeLeft UIInterfaceOrientationLandscapeRight";
				LD_RUNPATH_SEARCH_PATHS = (
					"$(inherited)",
					"@executable_path/Frameworks",
				);
				MARKETING_VERSION = 1.0;
				PRODUCT_BUNDLE_IDENTIFIER = "com.ipaktulane.Neobis-iOS-Auth";
				PRODUCT_NAME = "$(TARGET_NAME)";
				SUPPORTED_PLATFORMS = "iphoneos iphonesimulator";
				SUPPORTS_MACCATALYST = NO;
				SUPPORTS_MAC_DESIGNED_FOR_IPHONE_IPAD = NO;
				SWIFT_EMIT_LOC_STRINGS = YES;
				SWIFT_VERSION = 5.0;
				TARGETED_DEVICE_FAMILY = 1;
			};
			name = Release;
		};
/* End XCBuildConfiguration section */

/* Begin XCConfigurationList section */
		BA375D442B186E2F00A84675 /* Build configuration list for PBXProject "Neobis_iOS_Auth" */ = {
			isa = XCConfigurationList;
			buildConfigurations = (
				BA375D5B2B186E3100A84675 /* Debug */,
				BA375D5C2B186E3100A84675 /* Release */,
			);
			defaultConfigurationIsVisible = 0;
			defaultConfigurationName = Release;
		};
		BA375D5D2B186E3100A84675 /* Build configuration list for PBXNativeTarget "Neobis_iOS_Auth" */ = {
			isa = XCConfigurationList;
			buildConfigurations = (
				BA375D5E2B186E3100A84675 /* Debug */,
				BA375D5F2B186E3100A84675 /* Release */,
			);
			defaultConfigurationIsVisible = 0;
			defaultConfigurationName = Release;
		};
/* End XCConfigurationList section */

/* Begin XCRemoteSwiftPackageReference section */
		BA375D602B187B4100A84675 /* XCRemoteSwiftPackageReference "SnapKit" */ = {
			isa = XCRemoteSwiftPackageReference;
			repositoryURL = "https://github.com/SnapKit/SnapKit.git";
			requirement = {
				kind = upToNextMajorVersion;
				minimumVersion = 5.6.0;
			};
		};
/* End XCRemoteSwiftPackageReference section */

/* Begin XCSwiftPackageProductDependency section */
		BA375D612B187B4100A84675 /* SnapKit */ = {
			isa = XCSwiftPackageProductDependency;
			package = BA375D602B187B4100A84675 /* XCRemoteSwiftPackageReference "SnapKit" */;
			productName = SnapKit;
		};
		BA375D632B187B4100A84675 /* SnapKit-Dynamic */ = {
			isa = XCSwiftPackageProductDependency;
			package = BA375D602B187B4100A84675 /* XCRemoteSwiftPackageReference "SnapKit" */;
			productName = "SnapKit-Dynamic";
		};
/* End XCSwiftPackageProductDependency section */
	};
	rootObject = BA375D412B186E2F00A84675 /* Project object */;
}
